
Microsoft Visual Studio Solution File, Format Version 12.00
# Visual Studio Version 17
VisualStudioVersion = 17.14.36414.22
MinimumVisualStudioVersion = 10.0.40219.1
Project("{FAE04EC0-301F-11D3-BF4B-00C04F79EFBC}") = "Agenda", "Agenda\Agenda.csproj", "{A0551904-D74C-4EC4-9C65-3B78C59B28B6}"
EndProject
Global
	GlobalSection(SolutionConfigurationPlatforms) = preSolution
		Debug|Any CPU = Debug|Any CPU
		Release|Any CPU = Release|Any CPU
	EndGlobalSection
	GlobalSection(ProjectConfigurationPlatforms) = postSolution
		{A0551904-D74C-4EC4-9C65-3B78C59B28B6}.Debug|Any CPU.ActiveCfg = Debug|Any CPU
		{A0551904-D74C-4EC4-9C65-3B78C59B28B6}.Debug|Any CPU.Build.0 = Debug|Any CPU
		{A0551904-D74C-4EC4-9C65-3B78C59B28B6}.Release|Any CPU.ActiveCfg = Release|Any CPU
		{A0551904-D74C-4EC4-9C65-3B78C59B28B6}.Release|Any CPU.Build.0 = Release|Any CPU
	EndGlobalSection
	GlobalSection(SolutionProperties) = preSolution
		HideSolutionNode = FALSE
	EndGlobalSection
	GlobalSection(ExtensibilityGlobals) = postSolution
		SolutionGuid = {C44D49D0-299A-4A6D-A968-A0370DCA8FC1}
	EndGlobalSection
EndGlobal
