
Microsoft Visual Studio Solution File, Format Version 12.00
# Visual Studio Version 17
VisualStudioVersion = 17.14.36414.22 d17.14
MinimumVisualStudioVersion = 10.0.40219.1
Project("{FAE04EC0-301F-11D3-BF4B-00C04F79EFBC}") = "WinFormsGrafikoa", "WinFormsGrafikoa\WinFormsGrafikoa.csproj", "{D23C31D2-9B13-4467-9682-003A716772F0}"
EndProject
Project("{FAE04EC0-301F-11D3-BF4B-00C04F79EFBC}") = "probabi", "probabi\probabi.csproj", "{E00C8A1F-E476-4D83-B5F5-4DC5C461068A}"
EndProject
Project("{FAE04EC0-301F-11D3-BF4B-00C04F79EFBC}") = "probahiru", "probahiru\probahiru.csproj", "{031CC313-4BB6-4497-8940-3A4429E58ED8}"
EndProject
Global
	GlobalSection(SolutionConfigurationPlatforms) = preSolution
		Debug|Any CPU = Debug|Any CPU
		Release|Any CPU = Release|Any CPU
	EndGlobalSection
	GlobalSection(ProjectConfigurationPlatforms) = postSolution
		{D23C31D2-9B13-4467-9682-003A716772F0}.Debug|Any CPU.ActiveCfg = Debug|Any CPU
		{D23C31D2-9B13-4467-9682-003A716772F0}.Debug|Any CPU.Build.0 = Debug|Any CPU
		{D23C31D2-9B13-4467-9682-003A716772F0}.Release|Any CPU.ActiveCfg = Release|Any CPU
		{D23C31D2-9B13-4467-9682-003A716772F0}.Release|Any CPU.Build.0 = Release|Any CPU
		{E00C8A1F-E476-4D83-B5F5-4DC5C461068A}.Debug|Any CPU.ActiveCfg = Debug|Any CPU
		{E00C8A1F-E476-4D83-B5F5-4DC5C461068A}.Debug|Any CPU.Build.0 = Debug|Any CPU
		{E00C8A1F-E476-4D83-B5F5-4DC5C461068A}.Release|Any CPU.ActiveCfg = Release|Any CPU
		{E00C8A1F-E476-4D83-B5F5-4DC5C461068A}.Release|Any CPU.Build.0 = Release|Any CPU
		{031CC313-4BB6-4497-8940-3A4429E58ED8}.Debug|Any CPU.ActiveCfg = Debug|Any CPU
		{031CC313-4BB6-4497-8940-3A4429E58ED8}.Debug|Any CPU.Build.0 = Debug|Any CPU
		{031CC313-4BB6-4497-8940-3A4429E58ED8}.Release|Any CPU.ActiveCfg = Release|Any CPU
		{031CC313-4BB6-4497-8940-3A4429E58ED8}.Release|Any CPU.Build.0 = Release|Any CPU
	EndGlobalSection
	GlobalSection(SolutionProperties) = preSolution
		HideSolutionNode = FALSE
	EndGlobalSection
	GlobalSection(ExtensibilityGlobals) = postSolution
		SolutionGuid = {D5C52E47-FAED-4D8E-8347-40041C1F48B7}
	EndGlobalSection
EndGlobal
